
Microsoft Visual Studio Solution File, Format Version 12.00
# Visual Studio Version 17
VisualStudioVersion = 17.10.35004.147
MinimumVisualStudioVersion = 10.0.40219.1
Project("{FAE04EC0-301F-11D3-BF4B-00C04F79EFBC}") = "POCQuickBooks.Server", "POCQuickBooks.Server\POCQuickBooks.Server.csproj", "{1FF55C52-CFF3-4630-83F8-F6E4FC2BAA0C}"
EndProject
Project("{54A90642-561A-4BB1-A94E-469ADEE60C69}") = "pocquickbooks.client", "pocquickbooks.client\pocquickbooks.client.esproj", "{58D05103-A4B2-4E96-BEAE-54FF3A62BF19}"
EndProject
Global
	GlobalSection(SolutionConfigurationPlatforms) = preSolution
		Debug|Any CPU = Debug|Any CPU
		Release|Any CPU = Release|Any CPU
	EndGlobalSection
	GlobalSection(ProjectConfigurationPlatforms) = postSolution
		{1FF55C52-CFF3-4630-83F8-F6E4FC2BAA0C}.Debug|Any CPU.ActiveCfg = Debug|Any CPU
		{1FF55C52-CFF3-4630-83F8-F6E4FC2BAA0C}.Debug|Any CPU.Build.0 = Debug|Any CPU
		{1FF55C52-CFF3-4630-83F8-F6E4FC2BAA0C}.Release|Any CPU.ActiveCfg = Release|Any CPU
		{1FF55C52-CFF3-4630-83F8-F6E4FC2BAA0C}.Release|Any CPU.Build.0 = Release|Any CPU
		{58D05103-A4B2-4E96-BEAE-54FF3A62BF19}.Debug|Any CPU.ActiveCfg = Debug|Any CPU
		{58D05103-A4B2-4E96-BEAE-54FF3A62BF19}.Debug|Any CPU.Build.0 = Debug|Any CPU
		{58D05103-A4B2-4E96-BEAE-54FF3A62BF19}.Debug|Any CPU.Deploy.0 = Debug|Any CPU
		{58D05103-A4B2-4E96-BEAE-54FF3A62BF19}.Release|Any CPU.ActiveCfg = Release|Any CPU
		{58D05103-A4B2-4E96-BEAE-54FF3A62BF19}.Release|Any CPU.Build.0 = Release|Any CPU
		{58D05103-A4B2-4E96-BEAE-54FF3A62BF19}.Release|Any CPU.Deploy.0 = Release|Any CPU
	EndGlobalSection
	GlobalSection(SolutionProperties) = preSolution
		HideSolutionNode = FALSE
	EndGlobalSection
	GlobalSection(ExtensibilityGlobals) = postSolution
		SolutionGuid = {0575CF90-0780-43EB-A636-88B41312D225}
	EndGlobalSection
EndGlobal
